// !$*UTF8*$!
{
	archiveVersion = 1;
	classes = {
	};
	objectVersion = 60;
	objects = {

/* Begin PBXBuildFile section */
		909A7BED2D83810500BE65CD /* NorioCore in Frameworks */ = {isa = PBXBuildFile; productRef = 909A7BEC2D83810500BE65CD /* NorioCore */; };
		909A7BEF2D83810500BE65CD /* NorioExtensions in Frameworks */ = {isa = PBXBuildFile; productRef = 909A7BEE2D83810500BE65CD /* NorioExtensions */; };
		909A7BF12D83810500BE65CD /* NorioUI in Frameworks */ = {isa = PBXBuildFile; productRef = 909A7BF02D83810500BE65CD /* NorioUI */; };
		909A7BF32D83811300BE65CD /* NorioCore in Frameworks */ = {isa = PBXBuildFile; productRef = 909A7BF22D83811300BE65CD /* NorioCore */; };
		909A7BF52D83811300BE65CD /* NorioExtensions in Frameworks */ = {isa = PBXBuildFile; productRef = 909A7BF42D83811300BE65CD /* NorioExtensions */; };
		909A7BF72D83811300BE65CD /* NorioUI in Frameworks */ = {isa = PBXBuildFile; productRef = 909A7BF62D83811300BE65CD /* NorioUI */; };
		90DECB9D2D837C7800CBC5A5 /* BlockListTests.swift in Sources */ = {isa = PBXBuildFile; fileRef = D5E1F4002BA30F0000A8B9C0 /* BlockListTests.swift */; };
		90DECB9E2D837C7800CBC5A5 /* BrowserEngineTests.swift in Sources */ = {isa = PBXBuildFile; fileRef = D5E1F4022BA30F1000A8B9C0 /* BrowserEngineTests.swift */; };
		90DECB9F2D837C7800CBC5A5 /* ContentBlockerTests.swift in Sources */ = {isa = PBXBuildFile; fileRef = D5E1F4042BA30F2000A8B9C0 /* ContentBlockerTests.swift */; };
		90DECBA02D837C7800CBC5A5 /* ExtensionManagerTests.swift in Sources */ = {isa = PBXBuildFile; fileRef = D5E1F4062BA30F3000A8B9C0 /* ExtensionManagerTests.swift */; };
		90DECBA12D837C7800CBC5A5 /* AppTests.swift in Sources */ = {isa = PBXBuildFile; fileRef = D5E1F4082BA30F4000A8B9C0 /* AppTests.swift */; };
		90DECBA22D837C7800CBC5A5 /* BrowserViewTests.swift in Sources */ = {isa = PBXBuildFile; fileRef = D5E1F40A2BA30F5000A8B9C0 /* BrowserViewTests.swift */; };
		90DECBA32D837C7800CBC5A5 /* ContentBlockerUITests.swift in Sources */ = {isa = PBXBuildFile; fileRef = D5E1F40C2BA30F6000A8B9C0 /* ContentBlockerUITests.swift */; };
		90DECBA42D837C7800CBC5A5 /* ContentBlockingSettingsTests.swift in Sources */ = {isa = PBXBuildFile; fileRef = D5E1F40E2BA30F7000A8B9C0 /* ContentBlockingSettingsTests.swift */; };
		90DECBA52D837C7800CBC5A5 /* ExtensionsUITests.swift in Sources */ = {isa = PBXBuildFile; fileRef = D5E1F4102BA30F8000A8B9C0 /* ExtensionsUITests.swift */; };
		90DECBA62D837C7800CBC5A5 /* InstallExtensionUITests.swift in Sources */ = {isa = PBXBuildFile; fileRef = D5E1F4122BA30F9000A8B9C0 /* InstallExtensionUITests.swift */; };
		90DECBA72D837C7800CBC5A5 /* WebViewTests.swift in Sources */ = {isa = PBXBuildFile; fileRef = D5E1F4142BA30FA000A8B9C0 /* WebViewTests.swift */; };
		90DECBB62D837D6300CBC5A5 /* iOSApp.swift in Sources */ = {isa = PBXBuildFile; fileRef = 90DECBB02D837D6300CBC5A5 /* iOSApp.swift */; };
		90DECBB72D837D6300CBC5A5 /* WebViewContainer.swift in Sources */ = {isa = PBXBuildFile; fileRef = 90DECBB32D837D6300CBC5A5 /* WebViewContainer.swift */; };
		90DECBB82D837D6300CBC5A5 /* BrowserView.swift in Sources */ = {isa = PBXBuildFile; fileRef = 90DECBAF2D837D6300CBC5A5 /* BrowserView.swift */; };
		90DECBB92D837D6300CBC5A5 /* BrowserEngine.swift in Sources */ = {isa = PBXBuildFile; fileRef = 90DECBA82D837D6300CBC5A5 /* BrowserEngine.swift */; };
		90DECBBA2D837D6300CBC5A5 /* NotificationManager.swift in Sources */ = {isa = PBXBuildFile; fileRef = 90DECBAB2D837D6300CBC5A5 /* NotificationManager.swift */; };
		90DECBBB2D837D6300CBC5A5 /* WebStoreExtensionsView.swift in Sources */ = {isa = PBXBuildFile; fileRef = 90DECBB22D837D6300CBC5A5 /* WebStoreExtensionsView.swift */; };
		90DECBBC2D837D6300CBC5A5 /* ExtensionManager.swift in Sources */ = {isa = PBXBuildFile; fileRef = 90DECBAD2D837D6300CBC5A5 /* ExtensionManager.swift */; };
		90DECBBD2D837D6300CBC5A5 /* ContentBlocker.swift in Sources */ = {isa = PBXBuildFile; fileRef = 90DECBA92D837D6300CBC5A5 /* ContentBlocker.swift */; };
		90DECBBE2D837D6300CBC5A5 /* MacOSApp.swift in Sources */ = {isa = PBXBuildFile; fileRef = 90DECBB12D837D6300CBC5A5 /* MacOSApp.swift */; };
		90DECBBF2D837D6300CBC5A5 /* Logger.swift in Sources */ = {isa = PBXBuildFile; fileRef = 90DECBAA2D837D6300CBC5A5 /* Logger.swift */; };
		90DECBC02D837D6300CBC5A5 /* iOSApp.swift in Sources */ = {isa = PBXBuildFile; fileRef = 90DECBB02D837D6300CBC5A5 /* iOSApp.swift */; };
		90DECBC12D837D6300CBC5A5 /* WebViewContainer.swift in Sources */ = {isa = PBXBuildFile; fileRef = 90DECBB32D837D6300CBC5A5 /* WebViewContainer.swift */; };
		90DECBC22D837D6300CBC5A5 /* BrowserView.swift in Sources */ = {isa = PBXBuildFile; fileRef = 90DECBAF2D837D6300CBC5A5 /* BrowserView.swift */; };
		90DECBC32D837D6300CBC5A5 /* BrowserEngine.swift in Sources */ = {isa = PBXBuildFile; fileRef = 90DECBA82D837D6300CBC5A5 /* BrowserEngine.swift */; };
		90DECBC42D837D6300CBC5A5 /* NotificationManager.swift in Sources */ = {isa = PBXBuildFile; fileRef = 90DECBAB2D837D6300CBC5A5 /* NotificationManager.swift */; };
		90DECBC52D837D6300CBC5A5 /* WebStoreExtensionsView.swift in Sources */ = {isa = PBXBuildFile; fileRef = 90DECBB22D837D6300CBC5A5 /* WebStoreExtensionsView.swift */; };
		90DECBC62D837D6300CBC5A5 /* ExtensionManager.swift in Sources */ = {isa = PBXBuildFile; fileRef = 90DECBAD2D837D6300CBC5A5 /* ExtensionManager.swift */; };
		90DECBC72D837D6300CBC5A5 /* ContentBlocker.swift in Sources */ = {isa = PBXBuildFile; fileRef = 90DECBA92D837D6300CBC5A5 /* ContentBlocker.swift */; };
		90DECBC82D837D6300CBC5A5 /* MacOSApp.swift in Sources */ = {isa = PBXBuildFile; fileRef = 90DECBB12D837D6300CBC5A5 /* MacOSApp.swift */; };
		90DECBC92D837D6300CBC5A5 /* Logger.swift in Sources */ = {isa = PBXBuildFile; fileRef = 90DECBAA2D837D6300CBC5A5 /* Logger.swift */; };
		90DECBEB2D837EFD00CBC5A5 /* Norio.app in Resources */ = {isa = PBXBuildFile; fileRef = 12A1B2B12A1B3C4D00E1F2G3 /* Norio.app */; };
		D5E1F4012BA30F0000A8B9C0 /* BlockListTests.swift in Sources */ = {isa = PBXBuildFile; fileRef = D5E1F4002BA30F0000A8B9C0 /* BlockListTests.swift */; };
		D5E1F4032BA30F1000A8B9C0 /* BrowserEngineTests.swift in Sources */ = {isa = PBXBuildFile; fileRef = D5E1F4022BA30F1000A8B9C0 /* BrowserEngineTests.swift */; };
		D5E1F4052BA30F2000A8B9C0 /* ContentBlockerTests.swift in Sources */ = {isa = PBXBuildFile; fileRef = D5E1F4042BA30F2000A8B9C0 /* ContentBlockerTests.swift */; };
		D5E1F4072BA30F3000A8B9C0 /* ExtensionManagerTests.swift in Sources */ = {isa = PBXBuildFile; fileRef = D5E1F4062BA30F3000A8B9C0 /* ExtensionManagerTests.swift */; };
		D5E1F4092BA30F4000A8B9C0 /* AppTests.swift in Sources */ = {isa = PBXBuildFile; fileRef = D5E1F4082BA30F4000A8B9C0 /* AppTests.swift */; };
		D5E1F40B2BA30F5000A8B9C0 /* BrowserViewTests.swift in Sources */ = {isa = PBXBuildFile; fileRef = D5E1F40A2BA30F5000A8B9C0 /* BrowserViewTests.swift */; };
		D5E1F40D2BA30F6000A8B9C0 /* ContentBlockerUITests.swift in Sources */ = {isa = PBXBuildFile; fileRef = D5E1F40C2BA30F6000A8B9C0 /* ContentBlockerUITests.swift */; };
		D5E1F40F2BA30F7000A8B9C0 /* ContentBlockingSettingsTests.swift in Sources */ = {isa = PBXBuildFile; fileRef = D5E1F40E2BA30F7000A8B9C0 /* ContentBlockingSettingsTests.swift */; };
		D5E1F4112BA30F8000A8B9C0 /* ExtensionsUITests.swift in Sources */ = {isa = PBXBuildFile; fileRef = D5E1F4102BA30F8000A8B9C0 /* ExtensionsUITests.swift */; };
		D5E1F4132BA30F9000A8B9C0 /* InstallExtensionUITests.swift in Sources */ = {isa = PBXBuildFile; fileRef = D5E1F4122BA30F9000A8B9C0 /* InstallExtensionUITests.swift */; };
		D5E1F4152BA30FA000A8B9C0 /* WebViewTests.swift in Sources */ = {isa = PBXBuildFile; fileRef = D5E1F4142BA30FA000A8B9C0 /* WebViewTests.swift */; };
/* End PBXBuildFile section */

/* Begin PBXContainerItemProxy section */
		90DECBEC2D837EFD00CBC5A5 /* PBXContainerItemProxy */ = {
			isa = PBXContainerItemProxy;
			containerPortal = 12A1B2952A1B3C4D00E1F2G3 /* Project object */;
			proxyType = 1;
			remoteGlobalIDString = 12A1B2B02A1B3C4D00E1F2G3;
			remoteInfo = "Norio iOS";
		};
/* End PBXContainerItemProxy section */

/* Begin PBXFileReference section */
		12A1B2A12A1B3C4D00E1F2G3 /* Norio.app */ = {isa = PBXFileReference; explicitFileType = wrapper.application; includeInIndex = 0; path = Norio.app; sourceTree = BUILT_PRODUCTS_DIR; };
		12A1B2B12A1B3C4D00E1F2G3 /* Norio.app */ = {isa = PBXFileReference; explicitFileType = wrapper.application; includeInIndex = 0; path = Norio.app; sourceTree = BUILT_PRODUCTS_DIR; };
		12A1B2CE2A1B3C4D00E1F2G3 /* macOS.entitlements */ = {isa = PBXFileReference; lastKnownFileType = text.plist.entitlements; path = macOS.entitlements; sourceTree = "<group>"; };
		12A1B2CF2A1B3C4D00E1F2G3 /* Info.plist */ = {isa = PBXFileReference; lastKnownFileType = text.plist.xml; path = Info.plist; sourceTree = "<group>"; };
		90DECBA82D837D6300CBC5A5 /* BrowserEngine.swift */ = {isa = PBXFileReference; lastKnownFileType = sourcecode.swift; path = BrowserEngine.swift; sourceTree = "<group>"; };
		90DECBA92D837D6300CBC5A5 /* ContentBlocker.swift */ = {isa = PBXFileReference; lastKnownFileType = sourcecode.swift; path = ContentBlocker.swift; sourceTree = "<group>"; };
		90DECBAA2D837D6300CBC5A5 /* Logger.swift */ = {isa = PBXFileReference; lastKnownFileType = sourcecode.swift; path = Logger.swift; sourceTree = "<group>"; };
		90DECBAB2D837D6300CBC5A5 /* NotificationManager.swift */ = {isa = PBXFileReference; lastKnownFileType = sourcecode.swift; path = NotificationManager.swift; sourceTree = "<group>"; };
		90DECBAD2D837D6300CBC5A5 /* ExtensionManager.swift */ = {isa = PBXFileReference; lastKnownFileType = sourcecode.swift; path = ExtensionManager.swift; sourceTree = "<group>"; };
		90DECBAF2D837D6300CBC5A5 /* BrowserView.swift */ = {isa = PBXFileReference; lastKnownFileType = sourcecode.swift; path = BrowserView.swift; sourceTree = "<group>"; };
		90DECBB02D837D6300CBC5A5 /* iOSApp.swift */ = {isa = PBXFileReference; lastKnownFileType = sourcecode.swift; path = iOSApp.swift; sourceTree = "<group>"; };
		90DECBB12D837D6300CBC5A5 /* MacOSApp.swift */ = {isa = PBXFileReference; lastKnownFileType = sourcecode.swift; path = MacOSApp.swift; sourceTree = "<group>"; };
		90DECBB22D837D6300CBC5A5 /* WebStoreExtensionsView.swift */ = {isa = PBXFileReference; lastKnownFileType = sourcecode.swift; path = WebStoreExtensionsView.swift; sourceTree = "<group>"; };
		90DECBB32D837D6300CBC5A5 /* WebViewContainer.swift */ = {isa = PBXFileReference; lastKnownFileType = sourcecode.swift; path = WebViewContainer.swift; sourceTree = "<group>"; };
		90DECBCA2D837D9E00CBC5A5 /* BrowserView.swift */ = {isa = PBXFileReference; lastKnownFileType = sourcecode.swift; path = BrowserView.swift; sourceTree = "<group>"; };
		90DECBCB2D837D9E00CBC5A5 /* iOSApp.swift */ = {isa = PBXFileReference; lastKnownFileType = sourcecode.swift; path = iOSApp.swift; sourceTree = "<group>"; };
		90DECBCC2D837D9E00CBC5A5 /* MacOSApp.swift */ = {isa = PBXFileReference; lastKnownFileType = sourcecode.swift; path = MacOSApp.swift; sourceTree = "<group>"; };
		90DECBCD2D837D9E00CBC5A5 /* WebStoreExtensionsView.swift */ = {isa = PBXFileReference; lastKnownFileType = sourcecode.swift; path = WebStoreExtensionsView.swift; sourceTree = "<group>"; };
		90DECBCE2D837D9E00CBC5A5 /* WebViewContainer.swift */ = {isa = PBXFileReference; lastKnownFileType = sourcecode.swift; path = WebViewContainer.swift; sourceTree = "<group>"; };
		90DECBD02D837D9E00CBC5A5 /* BrowserEngine.swift */ = {isa = PBXFileReference; lastKnownFileType = sourcecode.swift; path = BrowserEngine.swift; sourceTree = "<group>"; };
		90DECBD12D837D9E00CBC5A5 /* ContentBlocker.swift */ = {isa = PBXFileReference; lastKnownFileType = sourcecode.swift; path = ContentBlocker.swift; sourceTree = "<group>"; };
		90DECBD22D837D9E00CBC5A5 /* Logger.swift */ = {isa = PBXFileReference; lastKnownFileType = sourcecode.swift; path = Logger.swift; sourceTree = "<group>"; };
		90DECBD32D837D9E00CBC5A5 /* NotificationManager.swift */ = {isa = PBXFileReference; lastKnownFileType = sourcecode.swift; path = NotificationManager.swift; sourceTree = "<group>"; };
		90DECBD52D837D9E00CBC5A5 /* ExtensionManager.swift */ = {isa = PBXFileReference; lastKnownFileType = sourcecode.swift; path = ExtensionManager.swift; sourceTree = "<group>"; };
		90DECBD72D837DAC00CBC5A5 /* ExtensionManager.swift */ = {isa = PBXFileReference; lastKnownFileType = sourcecode.swift; path = ExtensionManager.swift; sourceTree = "<group>"; };
		90DECBD92D837DAC00CBC5A5 /* BrowserView.swift */ = {isa = PBXFileReference; lastKnownFileType = sourcecode.swift; path = BrowserView.swift; sourceTree = "<group>"; };
		90DECBDA2D837DAC00CBC5A5 /* iOSApp.swift */ = {isa = PBXFileReference; lastKnownFileType = sourcecode.swift; path = iOSApp.swift; sourceTree = "<group>"; };
		90DECBDB2D837DAC00CBC5A5 /* MacOSApp.swift */ = {isa = PBXFileReference; lastKnownFileType = sourcecode.swift; path = MacOSApp.swift; sourceTree = "<group>"; };
		90DECBDC2D837DAC00CBC5A5 /* WebStoreExtensionsView.swift */ = {isa = PBXFileReference; lastKnownFileType = sourcecode.swift; path = WebStoreExtensionsView.swift; sourceTree = "<group>"; };
		90DECBDD2D837DAC00CBC5A5 /* WebViewContainer.swift */ = {isa = PBXFileReference; lastKnownFileType = sourcecode.swift; path = WebViewContainer.swift; sourceTree = "<group>"; };
		90DECBDF2D837DAC00CBC5A5 /* BrowserEngine.swift */ = {isa = PBXFileReference; lastKnownFileType = sourcecode.swift; path = BrowserEngine.swift; sourceTree = "<group>"; };
		90DECBE02D837DAC00CBC5A5 /* ContentBlocker.swift */ = {isa = PBXFileReference; lastKnownFileType = sourcecode.swift; path = ContentBlocker.swift; sourceTree = "<group>"; };
		90DECBE12D837DAC00CBC5A5 /* Logger.swift */ = {isa = PBXFileReference; lastKnownFileType = sourcecode.swift; path = Logger.swift; sourceTree = "<group>"; };
		90DECBE22D837DAC00CBC5A5 /* NotificationManager.swift */ = {isa = PBXFileReference; lastKnownFileType = sourcecode.swift; path = NotificationManager.swift; sourceTree = "<group>"; };
		90DECBEE2D837F0F00CBC5A5 /* Package.swift */ = {isa = PBXFileReference; lastKnownFileType = sourcecode.swift; path = Package.swift; sourceTree = "<group>"; };
		D5E1F4002BA30F0000A8B9C0 /* BlockListTests.swift */ = {isa = PBXFileReference; lastKnownFileType = sourcecode.swift; path = BlockListTests.swift; sourceTree = "<group>"; };
		D5E1F4022BA30F1000A8B9C0 /* BrowserEngineTests.swift */ = {isa = PBXFileReference; lastKnownFileType = sourcecode.swift; path = BrowserEngineTests.swift; sourceTree = "<group>"; };
		D5E1F4042BA30F2000A8B9C0 /* ContentBlockerTests.swift */ = {isa = PBXFileReference; lastKnownFileType = sourcecode.swift; path = ContentBlockerTests.swift; sourceTree = "<group>"; };
		D5E1F4062BA30F3000A8B9C0 /* ExtensionManagerTests.swift */ = {isa = PBXFileReference; lastKnownFileType = sourcecode.swift; path = ExtensionManagerTests.swift; sourceTree = "<group>"; };
		D5E1F4082BA30F4000A8B9C0 /* AppTests.swift */ = {isa = PBXFileReference; lastKnownFileType = sourcecode.swift; path = AppTests.swift; sourceTree = "<group>"; };
		D5E1F40A2BA30F5000A8B9C0 /* BrowserViewTests.swift */ = {isa = PBXFileReference; lastKnownFileType = sourcecode.swift; path = BrowserViewTests.swift; sourceTree = "<group>"; };
		D5E1F40C2BA30F6000A8B9C0 /* ContentBlockerUITests.swift */ = {isa = PBXFileReference; lastKnownFileType = sourcecode.swift; path = ContentBlockerUITests.swift; sourceTree = "<group>"; };
		D5E1F40E2BA30F7000A8B9C0 /* ContentBlockingSettingsTests.swift */ = {isa = PBXFileReference; lastKnownFileType = sourcecode.swift; path = ContentBlockingSettingsTests.swift; sourceTree = "<group>"; };
		D5E1F4102BA30F8000A8B9C0 /* ExtensionsUITests.swift */ = {isa = PBXFileReference; lastKnownFileType = sourcecode.swift; path = ExtensionsUITests.swift; sourceTree = "<group>"; };
		D5E1F4122BA30F9000A8B9C0 /* InstallExtensionUITests.swift */ = {isa = PBXFileReference; lastKnownFileType = sourcecode.swift; path = InstallExtensionUITests.swift; sourceTree = "<group>"; };
		D5E1F4142BA30FA000A8B9C0 /* WebViewTests.swift */ = {isa = PBXFileReference; lastKnownFileType = sourcecode.swift; path = WebViewTests.swift; sourceTree = "<group>"; };
/* End PBXFileReference section */

/* Begin PBXFrameworksBuildPhase section */
		12A1B29E2A1B3C4D00E1F2G3 /* Frameworks */ = {
			isa = PBXFrameworksBuildPhase;
			buildActionMask = 2147483647;
			files = (
				909A7BF12D83810500BE65CD /* NorioUI in Frameworks */,
				909A7BEF2D83810500BE65CD /* NorioExtensions in Frameworks */,
				909A7BED2D83810500BE65CD /* NorioCore in Frameworks */,
			);
			runOnlyForDeploymentPostprocessing = 0;
		};
		12A1B2AE2A1B3C4D00E1F2G3 /* Frameworks */ = {
			isa = PBXFrameworksBuildPhase;
			buildActionMask = 2147483647;
			files = (
				909A7BF72D83811300BE65CD /* NorioUI in Frameworks */,
				909A7BF52D83811300BE65CD /* NorioExtensions in Frameworks */,
				909A7BF32D83811300BE65CD /* NorioCore in Frameworks */,
			);
			runOnlyForDeploymentPostprocessing = 0;
		};
/* End PBXFrameworksBuildPhase section */

/* Begin PBXGroup section */
		12A1B2942A1B3C4D00E1F2G3 = {
			isa = PBXGroup;
			children = (
				90DECBB52D837D6300CBC5A5 /* Sources */,
				12A1B2A32A1B3C4D00E1F2G3 /* macOS */,
				12A1B2B22A1B3C4D00E1F2G3 /* iOS */,
				D5E1F3FC2BA30E8000A8B9C0 /* Tests */,
				12A1B2A22A1B3C4D00E1F2G3 /* Products */,
				12A1B2C32A1B3C4D00E1F2G3 /* Frameworks */,
			);
			sourceTree = "<group>";
		};
		12A1B2A22A1B3C4D00E1F2G3 /* Products */ = {
			isa = PBXGroup;
			children = (
				12A1B2A12A1B3C4D00E1F2G3 /* Norio.app */,
				12A1B2B12A1B3C4D00E1F2G3 /* Norio.app */,
			);
			name = Products;
			sourceTree = "<group>";
		};
		12A1B2A32A1B3C4D00E1F2G3 /* macOS */ = {
			isa = PBXGroup;
			children = (
				12A1B2CE2A1B3C4D00E1F2G3 /* macOS.entitlements */,
			);
			path = macOS;
			sourceTree = "<group>";
		};
		12A1B2B22A1B3C4D00E1F2G3 /* iOS */ = {
			isa = PBXGroup;
			children = (
				12A1B2CF2A1B3C4D00E1F2G3 /* Info.plist */,
			);
			path = iOS;
			sourceTree = "<group>";
		};
		12A1B2C32A1B3C4D00E1F2G3 /* Frameworks */ = {
			isa = PBXGroup;
			children = (
				90DECBEE2D837F0F00CBC5A5 /* Package.swift */,
				90DECBE32D837DAC00CBC5A5 /* NorioCore */,
				90DECBD82D837DAC00CBC5A5 /* NorioExtensions */,
				90DECBDE2D837DAC00CBC5A5 /* NorioUI */,
				90DECBD42D837D9E00CBC5A5 /* NorioCore */,
				90DECBD62D837D9E00CBC5A5 /* NorioExtensions */,
				90DECBCF2D837D9E00CBC5A5 /* NorioUI */,
			);
			name = Frameworks;
			sourceTree = "<group>";
		};
		90DECBAC2D837D6300CBC5A5 /* NorioCore */ = {
			isa = PBXGroup;
			children = (
				90DECBA82D837D6300CBC5A5 /* BrowserEngine.swift */,
				90DECBA92D837D6300CBC5A5 /* ContentBlocker.swift */,
				90DECBAA2D837D6300CBC5A5 /* Logger.swift */,
				90DECBAB2D837D6300CBC5A5 /* NotificationManager.swift */,
			);
			path = NorioCore;
			sourceTree = "<group>";
		};
		90DECBAE2D837D6300CBC5A5 /* NorioExtensions */ = {
			isa = PBXGroup;
			children = (
				90DECBAD2D837D6300CBC5A5 /* ExtensionManager.swift */,
			);
			path = NorioExtensions;
			sourceTree = "<group>";
		};
		90DECBB42D837D6300CBC5A5 /* NorioUI */ = {
			isa = PBXGroup;
			children = (
				90DECBAF2D837D6300CBC5A5 /* BrowserView.swift */,
				90DECBB02D837D6300CBC5A5 /* iOSApp.swift */,
				90DECBB12D837D6300CBC5A5 /* MacOSApp.swift */,
				90DECBB22D837D6300CBC5A5 /* WebStoreExtensionsView.swift */,
				90DECBB32D837D6300CBC5A5 /* WebViewContainer.swift */,
			);
			path = NorioUI;
			sourceTree = "<group>";
		};
		90DECBB52D837D6300CBC5A5 /* Sources */ = {
			isa = PBXGroup;
			children = (
				90DECBAC2D837D6300CBC5A5 /* NorioCore */,
				90DECBAE2D837D6300CBC5A5 /* NorioExtensions */,
				90DECBB42D837D6300CBC5A5 /* NorioUI */,
			);
			path = Sources;
			sourceTree = "<group>";
		};
		90DECBCF2D837D9E00CBC5A5 /* NorioUI */ = {
			isa = PBXGroup;
			children = (
				90DECBCA2D837D9E00CBC5A5 /* BrowserView.swift */,
				90DECBCB2D837D9E00CBC5A5 /* iOSApp.swift */,
				90DECBCC2D837D9E00CBC5A5 /* MacOSApp.swift */,
				90DECBCD2D837D9E00CBC5A5 /* WebStoreExtensionsView.swift */,
				90DECBCE2D837D9E00CBC5A5 /* WebViewContainer.swift */,
			);
			name = NorioUI;
			path = Sources/NorioUI;
			sourceTree = "<group>";
		};
		90DECBD42D837D9E00CBC5A5 /* NorioCore */ = {
			isa = PBXGroup;
			children = (
				90DECBD02D837D9E00CBC5A5 /* BrowserEngine.swift */,
				90DECBD12D837D9E00CBC5A5 /* ContentBlocker.swift */,
				90DECBD22D837D9E00CBC5A5 /* Logger.swift */,
				90DECBD32D837D9E00CBC5A5 /* NotificationManager.swift */,
			);
			name = NorioCore;
			path = Sources/NorioCore;
			sourceTree = "<group>";
		};
		90DECBD62D837D9E00CBC5A5 /* NorioExtensions */ = {
			isa = PBXGroup;
			children = (
				90DECBD52D837D9E00CBC5A5 /* ExtensionManager.swift */,
			);
			name = NorioExtensions;
			path = Sources/NorioExtensions;
			sourceTree = "<group>";
		};
		90DECBD82D837DAC00CBC5A5 /* NorioExtensions */ = {
			isa = PBXGroup;
			children = (
				90DECBD72D837DAC00CBC5A5 /* ExtensionManager.swift */,
			);
			name = NorioExtensions;
			path = Sources/NorioExtensions;
			sourceTree = "<group>";
		};
		90DECBDE2D837DAC00CBC5A5 /* NorioUI */ = {
			isa = PBXGroup;
			children = (
				90DECBD92D837DAC00CBC5A5 /* BrowserView.swift */,
				90DECBDA2D837DAC00CBC5A5 /* iOSApp.swift */,
				90DECBDB2D837DAC00CBC5A5 /* MacOSApp.swift */,
				90DECBDC2D837DAC00CBC5A5 /* WebStoreExtensionsView.swift */,
				90DECBDD2D837DAC00CBC5A5 /* WebViewContainer.swift */,
			);
			name = NorioUI;
			path = Sources/NorioUI;
			sourceTree = "<group>";
		};
		90DECBE32D837DAC00CBC5A5 /* NorioCore */ = {
			isa = PBXGroup;
			children = (
				90DECBDF2D837DAC00CBC5A5 /* BrowserEngine.swift */,
				90DECBE02D837DAC00CBC5A5 /* ContentBlocker.swift */,
				90DECBE12D837DAC00CBC5A5 /* Logger.swift */,
				90DECBE22D837DAC00CBC5A5 /* NotificationManager.swift */,
			);
			name = NorioCore;
			path = Sources/NorioCore;
			sourceTree = "<group>";
		};
		D5E1F3FC2BA30E8000A8B9C0 /* Tests */ = {
			isa = PBXGroup;
			children = (
				D5E1F3FD2BA30E9000A8B9C0 /* NorioCoreTests */,
				D5E1F3FE2BA30EA000A8B9C0 /* NorioExtensionsTests */,
				D5E1F3FF2BA30EB000A8B9C0 /* NorioUITests */,
			);
			path = Tests;
			sourceTree = "<group>";
		};
		D5E1F3FD2BA30E9000A8B9C0 /* NorioCoreTests */ = {
			isa = PBXGroup;
			children = (
				D5E1F4002BA30F0000A8B9C0 /* BlockListTests.swift */,
				D5E1F4022BA30F1000A8B9C0 /* BrowserEngineTests.swift */,
				D5E1F4042BA30F2000A8B9C0 /* ContentBlockerTests.swift */,
			);
			path = NorioCoreTests;
			sourceTree = "<group>";
		};
		D5E1F3FE2BA30EA000A8B9C0 /* NorioExtensionsTests */ = {
			isa = PBXGroup;
			children = (
				D5E1F4062BA30F3000A8B9C0 /* ExtensionManagerTests.swift */,
			);
			path = NorioExtensionsTests;
			sourceTree = "<group>";
		};
		D5E1F3FF2BA30EB000A8B9C0 /* NorioUITests */ = {
			isa = PBXGroup;
			children = (
				D5E1F4082BA30F4000A8B9C0 /* AppTests.swift */,
				D5E1F40A2BA30F5000A8B9C0 /* BrowserViewTests.swift */,
				D5E1F40C2BA30F6000A8B9C0 /* ContentBlockerUITests.swift */,
				D5E1F40E2BA30F7000A8B9C0 /* ContentBlockingSettingsTests.swift */,
				D5E1F4102BA30F8000A8B9C0 /* ExtensionsUITests.swift */,
				D5E1F4122BA30F9000A8B9C0 /* InstallExtensionUITests.swift */,
				D5E1F4142BA30FA000A8B9C0 /* WebViewTests.swift */,
			);
			path = NorioUITests;
			sourceTree = "<group>";
		};
/* End PBXGroup section */

/* Begin PBXNativeTarget section */
		12A1B2A02A1B3C4D00E1F2G3 /* Norio macOS */ = {
			isa = PBXNativeTarget;
			buildConfigurationList = 12A1B2D52A1B3C4D00E1F2G3 /* Build configuration list for PBXNativeTarget "Norio macOS" */;
			buildPhases = (
				12A1B29D2A1B3C4D00E1F2G3 /* Sources */,
				12A1B29E2A1B3C4D00E1F2G3 /* Frameworks */,
				12A1B29F2A1B3C4D00E1F2G3 /* Resources */,
			);
			buildRules = (
			);
			dependencies = (
				90DECBED2D837EFD00CBC5A5 /* PBXTargetDependency */,
			);
			name = "Norio macOS";
			packageProductDependencies = (
				909A7BEC2D83810500BE65CD /* NorioCore */,
				909A7BEE2D83810500BE65CD /* NorioExtensions */,
				909A7BF02D83810500BE65CD /* NorioUI */,
			);
			productName = "Norio macOS";
			productReference = 12A1B2A12A1B3C4D00E1F2G3 /* Norio.app */;
			productType = "com.apple.product-type.application";
		};
		12A1B2B02A1B3C4D00E1F2G3 /* Norio iOS */ = {
			isa = PBXNativeTarget;
			buildConfigurationList = 12A1B2D82A1B3C4D00E1F2G3 /* Build configuration list for PBXNativeTarget "Norio iOS" */;
			buildPhases = (
				12A1B2AD2A1B3C4D00E1F2G3 /* Sources */,
				12A1B2AE2A1B3C4D00E1F2G3 /* Frameworks */,
				12A1B2AF2A1B3C4D00E1F2G3 /* Resources */,
			);
			buildRules = (
			);
			dependencies = (
			);
			name = "Norio iOS";
			packageProductDependencies = (
				909A7BF22D83811300BE65CD /* NorioCore */,
				909A7BF42D83811300BE65CD /* NorioExtensions */,
				909A7BF62D83811300BE65CD /* NorioUI */,
			);
			productName = "Norio iOS";
			productReference = 12A1B2B12A1B3C4D00E1F2G3 /* Norio.app */;
			productType = "com.apple.product-type.application";
		};
/* End PBXNativeTarget section */

/* Begin PBXProject section */
		12A1B2952A1B3C4D00E1F2G3 /* Project object */ = {
			isa = PBXProject;
			attributes = {
				BuildIndependentTargetsInParallel = 1;
				LastSwiftUpdateCheck = 1500;
				LastUpgradeCheck = 1500;
				TargetAttributes = {
					12A1B2A02A1B3C4D00E1F2G3 = {
						CreatedOnToolsVersion = 15.0;
					};
					12A1B2B02A1B3C4D00E1F2G3 = {
						CreatedOnToolsVersion = 15.0;
					};
				};
			};
			buildConfigurationList = 12A1B2982A1B3C4D00E1F2G3 /* Build configuration list for PBXProject "Norio" */;
			compatibilityVersion = "Xcode 14.0";
			developmentRegion = en;
			hasScannedForEncodings = 0;
			knownRegions = (
				en,
				Base,
			);
			mainGroup = 12A1B2942A1B3C4D00E1F2G3;
			packageReferences = (
				909A7BEB2D83810500BE65CD /* XCLocalSwiftPackageReference "../Norio" */,
			);
			productRefGroup = 12A1B2A22A1B3C4D00E1F2G3 /* Products */;
			projectDirPath = "";
			projectRoot = "";
			targets = (
				12A1B2A02A1B3C4D00E1F2G3 /* Norio macOS */,
				12A1B2B02A1B3C4D00E1F2G3 /* Norio iOS */,
			);
		};
/* End PBXProject section */

/* Begin PBXResourcesBuildPhase section */
		12A1B29F2A1B3C4D00E1F2G3 /* Resources */ = {
			isa = PBXResourcesBuildPhase;
			buildActionMask = 2147483647;
			files = (
				90DECBEB2D837EFD00CBC5A5 /* Norio.app in Resources */,
			);
			runOnlyForDeploymentPostprocessing = 0;
		};
		12A1B2AF2A1B3C4D00E1F2G3 /* Resources */ = {
			isa = PBXResourcesBuildPhase;
			buildActionMask = 2147483647;
			files = (
			);
			runOnlyForDeploymentPostprocessing = 0;
		};
/* End PBXResourcesBuildPhase section */

/* Begin PBXSourcesBuildPhase section */
		12A1B29D2A1B3C4D00E1F2G3 /* Sources */ = {
			isa = PBXSourcesBuildPhase;
			buildActionMask = 2147483647;
			files = (
				D5E1F4012BA30F0000A8B9C0 /* BlockListTests.swift in Sources */,
				D5E1F4032BA30F1000A8B9C0 /* BrowserEngineTests.swift in Sources */,
				D5E1F4052BA30F2000A8B9C0 /* ContentBlockerTests.swift in Sources */,
				D5E1F4072BA30F3000A8B9C0 /* ExtensionManagerTests.swift in Sources */,
				D5E1F4092BA30F4000A8B9C0 /* AppTests.swift in Sources */,
				D5E1F40B2BA30F5000A8B9C0 /* BrowserViewTests.swift in Sources */,
				D5E1F40D2BA30F6000A8B9C0 /* ContentBlockerUITests.swift in Sources */,
				D5E1F40F2BA30F7000A8B9C0 /* ContentBlockingSettingsTests.swift in Sources */,
				D5E1F4112BA30F8000A8B9C0 /* ExtensionsUITests.swift in Sources */,
				D5E1F4132BA30F9000A8B9C0 /* InstallExtensionUITests.swift in Sources */,
				D5E1F4152BA30FA000A8B9C0 /* WebViewTests.swift in Sources */,
				90DECBB62D837D6300CBC5A5 /* iOSApp.swift in Sources */,
				90DECBB72D837D6300CBC5A5 /* WebViewContainer.swift in Sources */,
				90DECBB82D837D6300CBC5A5 /* BrowserView.swift in Sources */,
				90DECBB92D837D6300CBC5A5 /* BrowserEngine.swift in Sources */,
				90DECBBA2D837D6300CBC5A5 /* NotificationManager.swift in Sources */,
				90DECBBB2D837D6300CBC5A5 /* WebStoreExtensionsView.swift in Sources */,
				90DECBBC2D837D6300CBC5A5 /* ExtensionManager.swift in Sources */,
				90DECBBD2D837D6300CBC5A5 /* ContentBlocker.swift in Sources */,
				90DECBBE2D837D6300CBC5A5 /* MacOSApp.swift in Sources */,
				90DECBBF2D837D6300CBC5A5 /* Logger.swift in Sources */,
			);
			runOnlyForDeploymentPostprocessing = 0;
		};
		12A1B2AD2A1B3C4D00E1F2G3 /* Sources */ = {
			isa = PBXSourcesBuildPhase;
			buildActionMask = 2147483647;
			files = (
				90DECB9D2D837C7800CBC5A5 /* BlockListTests.swift in Sources */,
				90DECB9E2D837C7800CBC5A5 /* BrowserEngineTests.swift in Sources */,
				90DECB9F2D837C7800CBC5A5 /* ContentBlockerTests.swift in Sources */,
				90DECBA02D837C7800CBC5A5 /* ExtensionManagerTests.swift in Sources */,
				90DECBA12D837C7800CBC5A5 /* AppTests.swift in Sources */,
				90DECBA22D837C7800CBC5A5 /* BrowserViewTests.swift in Sources */,
				90DECBA32D837C7800CBC5A5 /* ContentBlockerUITests.swift in Sources */,
				90DECBA42D837C7800CBC5A5 /* ContentBlockingSettingsTests.swift in Sources */,
				90DECBA52D837C7800CBC5A5 /* ExtensionsUITests.swift in Sources */,
				90DECBA62D837C7800CBC5A5 /* InstallExtensionUITests.swift in Sources */,
				90DECBA72D837C7800CBC5A5 /* WebViewTests.swift in Sources */,
				90DECBC02D837D6300CBC5A5 /* iOSApp.swift in Sources */,
				90DECBC12D837D6300CBC5A5 /* WebViewContainer.swift in Sources */,
				90DECBC22D837D6300CBC5A5 /* BrowserView.swift in Sources */,
				90DECBC32D837D6300CBC5A5 /* BrowserEngine.swift in Sources */,
				90DECBC42D837D6300CBC5A5 /* NotificationManager.swift in Sources */,
				90DECBC52D837D6300CBC5A5 /* WebStoreExtensionsView.swift in Sources */,
				90DECBC62D837D6300CBC5A5 /* ExtensionManager.swift in Sources */,
				90DECBC72D837D6300CBC5A5 /* ContentBlocker.swift in Sources */,
				90DECBC82D837D6300CBC5A5 /* MacOSApp.swift in Sources */,
				90DECBC92D837D6300CBC5A5 /* Logger.swift in Sources */,
			);
			runOnlyForDeploymentPostprocessing = 0;
		};
/* End PBXSourcesBuildPhase section */

/* Begin PBXTargetDependency section */
		90DECBED2D837EFD00CBC5A5 /* PBXTargetDependency */ = {
			isa = PBXTargetDependency;
			target = 12A1B2B02A1B3C4D00E1F2G3 /* Norio iOS */;
			targetProxy = 90DECBEC2D837EFD00CBC5A5 /* PBXContainerItemProxy */;
		};
/* End PBXTargetDependency section */

/* Begin XCBuildConfiguration section */
		12A1B2D02A1B3C4D00E1F2G3 /* Debug */ = {
			isa = XCBuildConfiguration;
			buildSettings = {
				ALWAYS_SEARCH_USER_PATHS = NO;
				ASSETCATALOG_COMPILER_GENERATE_SWIFT_ASSET_SYMBOL_EXTENSIONS = YES;
				CLANG_ANALYZER_NONNULL = YES;
				CLANG_ANALYZER_NUMBER_OBJECT_CONVERSION = YES_AGGRESSIVE;
				CLANG_CXX_LANGUAGE_STANDARD = "gnu++20";
				CLANG_ENABLE_MODULES = YES;
				CLANG_ENABLE_OBJC_ARC = YES;
				CLANG_ENABLE_OBJC_WEAK = YES;
				CLANG_WARN_BLOCK_CAPTURE_AUTORELEASING = YES;
				CLANG_WARN_BOOL_CONVERSION = YES;
				CLANG_WARN_COMMA = YES;
				CLANG_WARN_CONSTANT_CONVERSION = YES;
				CLANG_WARN_DEPRECATED_OBJC_IMPLEMENTATIONS = YES;
				CLANG_WARN_DIRECT_OBJC_ISA_USAGE = YES_ERROR;
				CLANG_WARN_DOCUMENTATION_COMMENTS = YES;
				CLANG_WARN_EMPTY_BODY = YES;
				CLANG_WARN_ENUM_CONVERSION = YES;
				CLANG_WARN_INFINITE_RECURSION = YES;
				CLANG_WARN_INT_CONVERSION = YES;
				CLANG_WARN_NON_LITERAL_NULL_CONVERSION = YES;
				CLANG_WARN_OBJC_IMPLICIT_RETAIN_SELF = YES;
				CLANG_WARN_OBJC_LITERAL_CONVERSION = YES;
				CLANG_WARN_OBJC_ROOT_CLASS = YES_ERROR;
				CLANG_WARN_QUOTED_INCLUDE_IN_FRAMEWORK_HEADER = YES;
				CLANG_WARN_RANGE_LOOP_ANALYSIS = YES;
				CLANG_WARN_STRICT_PROTOTYPES = YES;
				CLANG_WARN_SUSPICIOUS_MOVE = YES;
				CLANG_WARN_UNGUARDED_AVAILABILITY = YES_AGGRESSIVE;
				CLANG_WARN_UNREACHABLE_CODE = YES;
				CLANG_WARN__DUPLICATE_METHOD_MATCH = YES;
				COPY_PHASE_STRIP = NO;
				DEBUG_INFORMATION_FORMAT = dwarf;
				ENABLE_STRICT_OBJC_MSGSEND = YES;
				ENABLE_TESTABILITY = YES;
				ENABLE_USER_SCRIPT_SANDBOXING = YES;
				GCC_C_LANGUAGE_STANDARD = gnu17;
				GCC_DYNAMIC_NO_PIC = NO;
				GCC_NO_COMMON_BLOCKS = YES;
				GCC_OPTIMIZATION_LEVEL = 0;
				GCC_PREPROCESSOR_DEFINITIONS = (
					"DEBUG=1",
					"$(inherited)",
				);
				GCC_WARN_64_TO_32_BIT_CONVERSION = YES;
				GCC_WARN_ABOUT_RETURN_TYPE = YES_ERROR;
				GCC_WARN_UNDECLARED_SELECTOR = YES;
				GCC_WARN_UNINITIALIZED_AUTOS = YES_AGGRESSIVE;
				GCC_WARN_UNUSED_FUNCTION = YES;
				GCC_WARN_UNUSED_VARIABLE = YES;
				LOCALIZATION_PREFERS_STRING_CATALOGS = YES;
				MTL_ENABLE_DEBUG_INFO = INCLUDE_SOURCE;
				MTL_FAST_MATH = YES;
				ONLY_ACTIVE_ARCH = YES;
				SWIFT_ACTIVE_COMPILATION_CONDITIONS = "DEBUG $(inherited)";
				SWIFT_OPTIMIZATION_LEVEL = "-Onone";
			};
			name = Debug;
		};
		12A1B2D12A1B3C4D00E1F2G3 /* Release */ = {
			isa = XCBuildConfiguration;
			buildSettings = {
				ALWAYS_SEARCH_USER_PATHS = NO;
				ASSETCATALOG_COMPILER_GENERATE_SWIFT_ASSET_SYMBOL_EXTENSIONS = YES;
				CLANG_ANALYZER_NONNULL = YES;
				CLANG_ANALYZER_NUMBER_OBJECT_CONVERSION = YES_AGGRESSIVE;
				CLANG_CXX_LANGUAGE_STANDARD = "gnu++20";
				CLANG_ENABLE_MODULES = YES;
				CLANG_ENABLE_OBJC_ARC = YES;
				CLANG_ENABLE_OBJC_WEAK = YES;
				CLANG_WARN_BLOCK_CAPTURE_AUTORELEASING = YES;
				CLANG_WARN_BOOL_CONVERSION = YES;
				CLANG_WARN_COMMA = YES;
				CLANG_WARN_CONSTANT_CONVERSION = YES;
				CLANG_WARN_DEPRECATED_OBJC_IMPLEMENTATIONS = YES;
				CLANG_WARN_DIRECT_OBJC_ISA_USAGE = YES_ERROR;
				CLANG_WARN_DOCUMENTATION_COMMENTS = YES;
				CLANG_WARN_EMPTY_BODY = YES;
				CLANG_WARN_ENUM_CONVERSION = YES;
				CLANG_WARN_INFINITE_RECURSION = YES;
				CLANG_WARN_INT_CONVERSION = YES;
				CLANG_WARN_NON_LITERAL_NULL_CONVERSION = YES;
				CLANG_WARN_OBJC_IMPLICIT_RETAIN_SELF = YES;
				CLANG_WARN_OBJC_LITERAL_CONVERSION = YES;
				CLANG_WARN_OBJC_ROOT_CLASS = YES_ERROR;
				CLANG_WARN_QUOTED_INCLUDE_IN_FRAMEWORK_HEADER = YES;
				CLANG_WARN_RANGE_LOOP_ANALYSIS = YES;
				CLANG_WARN_STRICT_PROTOTYPES = YES;
				CLANG_WARN_SUSPICIOUS_MOVE = YES;
				CLANG_WARN_UNGUARDED_AVAILABILITY = YES_AGGRESSIVE;
				CLANG_WARN_UNREACHABLE_CODE = YES;
				CLANG_WARN__DUPLICATE_METHOD_MATCH = YES;
				COPY_PHASE_STRIP = NO;
				DEBUG_INFORMATION_FORMAT = "dwarf-with-dsym";
				ENABLE_NS_ASSERTIONS = NO;
				ENABLE_STRICT_OBJC_MSGSEND = YES;
				ENABLE_USER_SCRIPT_SANDBOXING = YES;
				GCC_C_LANGUAGE_STANDARD = gnu17;
				GCC_NO_COMMON_BLOCKS = YES;
				GCC_WARN_64_TO_32_BIT_CONVERSION = YES;
				GCC_WARN_ABOUT_RETURN_TYPE = YES_ERROR;
				GCC_WARN_UNDECLARED_SELECTOR = YES;
				GCC_WARN_UNINITIALIZED_AUTOS = YES_AGGRESSIVE;
				GCC_WARN_UNUSED_FUNCTION = YES;
				GCC_WARN_UNUSED_VARIABLE = YES;
				LOCALIZATION_PREFERS_STRING_CATALOGS = YES;
				MTL_ENABLE_DEBUG_INFO = NO;
				MTL_FAST_MATH = YES;
				SWIFT_COMPILATION_MODE = wholemodule;
			};
			name = Release;
		};
		12A1B2D62A1B3C4D00E1F2G3 /* Debug */ = {
			isa = XCBuildConfiguration;
			buildSettings = {
				ASSETCATALOG_COMPILER_APPICON_NAME = AppIcon;
				ASSETCATALOG_COMPILER_GLOBAL_ACCENT_COLOR_NAME = AccentColor;
				CODE_SIGN_ENTITLEMENTS = macOS/macOS.entitlements;
				CODE_SIGN_STYLE = Automatic;
				CURRENT_PROJECT_VERSION = 1;
				ENABLE_PREVIEWS = YES;
				GENERATE_INFOPLIST_FILE = YES;
				INFOPLIST_KEY_CFBundleDisplayName = Norio;
				INFOPLIST_KEY_LSApplicationCategoryType = "public.app-category.productivity";
				INFOPLIST_KEY_NSHumanReadableCopyright = "Copyright © 2023. All rights reserved.";
				LD_RUNPATH_SEARCH_PATHS = (
					"$(inherited)",
					"@executable_path/../Frameworks",
				);
				MARKETING_VERSION = 1.0;
				PRODUCT_BUNDLE_IDENTIFIER = com.norio.browser.macos;
				PRODUCT_NAME = Norio;
				SDKROOT = macosx;
				SWIFT_EMIT_LOC_STRINGS = YES;
				SWIFT_VERSION = 5.0;
			};
			name = Debug;
		};
		12A1B2D72A1B3C4D00E1F2G3 /* Release */ = {
			isa = XCBuildConfiguration;
			buildSettings = {
				ASSETCATALOG_COMPILER_APPICON_NAME = AppIcon;
				ASSETCATALOG_COMPILER_GLOBAL_ACCENT_COLOR_NAME = AccentColor;
				CODE_SIGN_ENTITLEMENTS = macOS/macOS.entitlements;
				CODE_SIGN_STYLE = Automatic;
				CURRENT_PROJECT_VERSION = 1;
				ENABLE_PREVIEWS = YES;
				GENERATE_INFOPLIST_FILE = YES;
				INFOPLIST_KEY_CFBundleDisplayName = Norio;
				INFOPLIST_KEY_LSApplicationCategoryType = "public.app-category.productivity";
				INFOPLIST_KEY_NSHumanReadableCopyright = "Copyright © 2023. All rights reserved.";
				LD_RUNPATH_SEARCH_PATHS = (
					"$(inherited)",
					"@executable_path/../Frameworks",
				);
				MARKETING_VERSION = 1.0;
				PRODUCT_BUNDLE_IDENTIFIER = com.norio.browser.macos;
				PRODUCT_NAME = Norio;
				SDKROOT = macosx;
				SWIFT_EMIT_LOC_STRINGS = YES;
				SWIFT_VERSION = 5.0;
			};
			name = Release;
		};
		12A1B2D92A1B3C4D00E1F2G3 /* Debug */ = {
			isa = XCBuildConfiguration;
			buildSettings = {
				ASSETCATALOG_COMPILER_APPICON_NAME = AppIcon;
				ASSETCATALOG_COMPILER_GLOBAL_ACCENT_COLOR_NAME = AccentColor;
				"CODE_SIGN_IDENTITY[sdk=macosx*]" = "Apple Development";
				CODE_SIGN_STYLE = Automatic;
				CURRENT_PROJECT_VERSION = 1;
				DEVELOPMENT_TEAM = 5NGN6W6CZS;
				ENABLE_PREVIEWS = YES;
				GENERATE_INFOPLIST_FILE = YES;
				INFOPLIST_FILE = iOS/Info.plist;
				INFOPLIST_KEY_CFBundleDisplayName = Norio;
				INFOPLIST_KEY_LSApplicationCategoryType = "public.app-category.productivity";
				INFOPLIST_KEY_UIApplicationSupportsIndirectInputEvents = YES;
				INFOPLIST_KEY_UILaunchScreen_Generation = YES;
				INFOPLIST_KEY_UIRequiresFullScreen = YES;
				INFOPLIST_KEY_UISupportedInterfaceOrientations_iPad = "UIInterfaceOrientationPortrait UIInterfaceOrientationPortraitUpsideDown UIInterfaceOrientationLandscapeLeft UIInterfaceOrientationLandscapeRight";
				INFOPLIST_KEY_UISupportedInterfaceOrientations_iPhone = "UIInterfaceOrientationPortrait UIInterfaceOrientationLandscapeLeft UIInterfaceOrientationLandscapeRight";
				IPHONEOS_DEPLOYMENT_TARGET = 17.0;
				LD_RUNPATH_SEARCH_PATHS = (
					"$(inherited)",
					"@executable_path/Frameworks",
				);
				MARKETING_VERSION = 1.0;
				PRODUCT_BUNDLE_IDENTIFIER = com.norio.browser;
				PRODUCT_NAME = Norio;
				SDKROOT = iphoneos;
				SUPPORTS_MACCATALYST = YES;
				SWIFT_EMIT_LOC_STRINGS = YES;
				SWIFT_VERSION = 5.0;
				TARGETED_DEVICE_FAMILY = "1,2";
			};
			name = Debug;
		};
		12A1B2DA2A1B3C4D00E1F2G3 /* Release */ = {
			isa = XCBuildConfiguration;
			buildSettings = {
				ASSETCATALOG_COMPILER_APPICON_NAME = AppIcon;
				ASSETCATALOG_COMPILER_GLOBAL_ACCENT_COLOR_NAME = AccentColor;
				"CODE_SIGN_IDENTITY[sdk=macosx*]" = "Apple Development";
				CODE_SIGN_STYLE = Automatic;
				CURRENT_PROJECT_VERSION = 1;
				DEVELOPMENT_TEAM = 5NGN6W6CZS;
				ENABLE_PREVIEWS = YES;
				GENERATE_INFOPLIST_FILE = YES;
				INFOPLIST_FILE = iOS/Info.plist;
				INFOPLIST_KEY_CFBundleDisplayName = Norio;
				INFOPLIST_KEY_LSApplicationCategoryType = "public.app-category.productivity";
				INFOPLIST_KEY_UIApplicationSupportsIndirectInputEvents = YES;
				INFOPLIST_KEY_UILaunchScreen_Generation = YES;
				INFOPLIST_KEY_UIRequiresFullScreen = YES;
				INFOPLIST_KEY_UISupportedInterfaceOrientations_iPad = "UIInterfaceOrientationPortrait UIInterfaceOrientationPortraitUpsideDown UIInterfaceOrientationLandscapeLeft UIInterfaceOrientationLandscapeRight";
				INFOPLIST_KEY_UISupportedInterfaceOrientations_iPhone = "UIInterfaceOrientationPortrait UIInterfaceOrientationLandscapeLeft UIInterfaceOrientationLandscapeRight";
				IPHONEOS_DEPLOYMENT_TARGET = 17.0;
				LD_RUNPATH_SEARCH_PATHS = (
					"$(inherited)",
					"@executable_path/Frameworks",
				);
				MARKETING_VERSION = 1.0;
				PRODUCT_BUNDLE_IDENTIFIER = com.norio.browser;
				PRODUCT_NAME = Norio;
				SDKROOT = iphoneos;
				SUPPORTS_MACCATALYST = YES;
				SWIFT_EMIT_LOC_STRINGS = YES;
				SWIFT_VERSION = 5.0;
				TARGETED_DEVICE_FAMILY = "1,2";
				VALIDATE_PRODUCT = YES;
			};
			name = Release;
		};
/* End XCBuildConfiguration section */

/* Begin XCConfigurationList section */
		12A1B2982A1B3C4D00E1F2G3 /* Build configuration list for PBXProject "Norio" */ = {
			isa = XCConfigurationList;
			buildConfigurations = (
				12A1B2D02A1B3C4D00E1F2G3 /* Debug */,
				12A1B2D12A1B3C4D00E1F2G3 /* Release */,
			);
			defaultConfigurationIsVisible = 0;
			defaultConfigurationName = Release;
		};
		12A1B2D52A1B3C4D00E1F2G3 /* Build configuration list for PBXNativeTarget "Norio macOS" */ = {
			isa = XCConfigurationList;
			buildConfigurations = (
				12A1B2D62A1B3C4D00E1F2G3 /* Debug */,
				12A1B2D72A1B3C4D00E1F2G3 /* Release */,
			);
			defaultConfigurationIsVisible = 0;
			defaultConfigurationName = Release;
		};
		12A1B2D82A1B3C4D00E1F2G3 /* Build configuration list for PBXNativeTarget "Norio iOS" */ = {
			isa = XCConfigurationList;
			buildConfigurations = (
				12A1B2D92A1B3C4D00E1F2G3 /* Debug */,
				12A1B2DA2A1B3C4D00E1F2G3 /* Release */,
			);
			defaultConfigurationIsVisible = 0;
			defaultConfigurationName = Release;
		};
/* End XCConfigurationList section */

/* Begin XCLocalSwiftPackageReference section */
		909A7BEB2D83810500BE65CD /* XCLocalSwiftPackageReference "../Norio" */ = {
			isa = XCLocalSwiftPackageReference;
			relativePath = ../Norio;
		};
/* End XCLocalSwiftPackageReference section */

/* Begin XCSwiftPackageProductDependency section */
		909A7BEC2D83810500BE65CD /* NorioCore */ = {
			isa = XCSwiftPackageProductDependency;
			productName = NorioCore;
		};
		909A7BEE2D83810500BE65CD /* NorioExtensions */ = {
			isa = XCSwiftPackageProductDependency;
			productName = NorioExtensions;
		};
		909A7BF02D83810500BE65CD /* NorioUI */ = {
			isa = XCSwiftPackageProductDependency;
			productName = NorioUI;
		};
		909A7BF22D83811300BE65CD /* NorioCore */ = {
			isa = XCSwiftPackageProductDependency;
			package = 909A7BEB2D83810500BE65CD /* XCLocalSwiftPackageReference "../Norio" */;
			productName = NorioCore;
		};
		909A7BF42D83811300BE65CD /* NorioExtensions */ = {
			isa = XCSwiftPackageProductDependency;
			package = 909A7BEB2D83810500BE65CD /* XCLocalSwiftPackageReference "../Norio" */;
			productName = NorioExtensions;
		};
		909A7BF62D83811300BE65CD /* NorioUI */ = {
			isa = XCSwiftPackageProductDependency;
			package = 909A7BEB2D83810500BE65CD /* XCLocalSwiftPackageReference "../Norio" */;
			productName = NorioUI;
		};
/* End XCSwiftPackageProductDependency section */
	};
	rootObject = 12A1B2952A1B3C4D00E1F2G3 /* Project object */;
}
